
Microsoft Visual Studio Solution File, Format Version 12.00
# Visual Studio Version 17
VisualStudioVersion = 17.10.34928.147
MinimumVisualStudioVersion = 10.0.40219.1
Project("{FAE04EC0-301F-11D3-BF4B-00C04F79EFBC}") = "TipCalculator", "TipCalculator\TipCalculator.csproj", "{D1FABF88-CF07-4BAC-9903-F46358173DBD}"
EndProject
Global
	GlobalSection(SolutionConfigurationPlatforms) = preSolution
		Debug|Any CPU = Debug|Any CPU
		Release|Any CPU = Release|Any CPU
	EndGlobalSection
	GlobalSection(ProjectConfigurationPlatforms) = postSolution
		{D1FABF88-CF07-4BAC-9903-F46358173DBD}.Debug|Any CPU.ActiveCfg = Debug|Any CPU
		{D1FABF88-CF07-4BAC-9903-F46358173DBD}.Debug|Any CPU.Build.0 = Debug|Any CPU
		{D1FABF88-CF07-4BAC-9903-F46358173DBD}.Release|Any CPU.ActiveCfg = Release|Any CPU
		{D1FABF88-CF07-4BAC-9903-F46358173DBD}.Release|Any CPU.Build.0 = Release|Any CPU
	EndGlobalSection
	GlobalSection(SolutionProperties) = preSolution
		HideSolutionNode = FALSE
	EndGlobalSection
	GlobalSection(ExtensibilityGlobals) = postSolution
		SolutionGuid = {4BDEEFD2-6F9E-456A-8216-1EFD462F763A}
	EndGlobalSection
EndGlobal
